
Microsoft Visual Studio Solution File, Format Version 12.00
# Visual Studio Version 17
VisualStudioVersion = 17.2.32616.157
MinimumVisualStudioVersion = 10.0.40219.1
Project("{FAE04EC0-301F-11D3-BF4B-00C04F79EFBC}") = "BlazorApp6", "BlazorApp6\BlazorApp6.csproj", "{AF13ECCC-9E7F-4CFF-A432-0660FF95F47A}"
EndProject
Global
	GlobalSection(SolutionConfigurationPlatforms) = preSolution
		Debug|Any CPU = Debug|Any CPU
		Release|Any CPU = Release|Any CPU
	EndGlobalSection
	GlobalSection(ProjectConfigurationPlatforms) = postSolution
		{AF13ECCC-9E7F-4CFF-A432-0660FF95F47A}.Debug|Any CPU.ActiveCfg = Debug|Any CPU
		{AF13ECCC-9E7F-4CFF-A432-0660FF95F47A}.Debug|Any CPU.Build.0 = Debug|Any CPU
		{AF13ECCC-9E7F-4CFF-A432-0660FF95F47A}.Release|Any CPU.ActiveCfg = Release|Any CPU
		{AF13ECCC-9E7F-4CFF-A432-0660FF95F47A}.Release|Any CPU.Build.0 = Release|Any CPU
	EndGlobalSection
	GlobalSection(SolutionProperties) = preSolution
		HideSolutionNode = FALSE
	EndGlobalSection
	GlobalSection(ExtensibilityGlobals) = postSolution
		SolutionGuid = {8B6303F2-1212-438E-9A5A-2B8BAE230170}
	EndGlobalSection
EndGlobal
